// !$*UTF8*$!
{
	archiveVersion = 1;
	classes = {
	};
	objectVersion = 50;
	objects = {

/* Begin PBXBuildFile section */
		C8F3181A2090556400734A22 /* AppDelegate.swift in Sources */ = {isa = PBXBuildFile; fileRef = C8F318192090556400734A22 /* AppDelegate.swift */; };
		C8F3181C2090556400734A22 /* ViewController.swift in Sources */ = {isa = PBXBuildFile; fileRef = C8F3181B2090556400734A22 /* ViewController.swift */; };
		C8F3181F2090556400734A22 /* Main.storyboard in Resources */ = {isa = PBXBuildFile; fileRef = C8F3181D2090556400734A22 /* Main.storyboard */; };
		C8F318212090556600734A22 /* Assets.xcassets in Resources */ = {isa = PBXBuildFile; fileRef = C8F318202090556600734A22 /* Assets.xcassets */; };
		C8F318242090556600734A22 /* LaunchScreen.storyboard in Resources */ = {isa = PBXBuildFile; fileRef = C8F318222090556600734A22 /* LaunchScreen.storyboard */; };
		C8F3182F2090556600734A22 /* ConnyBunyTests.swift in Sources */ = {isa = PBXBuildFile; fileRef = C8F3182E2090556600734A22 /* ConnyBunyTests.swift */; };
		C8F3183A2090556700734A22 /* ConnyBunyUITests.swift in Sources */ = {isa = PBXBuildFile; fileRef = C8F318392090556700734A22 /* ConnyBunyUITests.swift */; };
/* End PBXBuildFile section */

/* Begin PBXContainerItemProxy section */
		C8F3182B2090556600734A22 /* PBXContainerItemProxy */ = {
			isa = PBXContainerItemProxy;
			containerPortal = C8F3180E2090556400734A22 /* Project object */;
			proxyType = 1;
			remoteGlobalIDString = C8F318152090556400734A22;
			remoteInfo = ConnyBuny;
		};
		C8F318362090556700734A22 /* PBXContainerItemProxy */ = {
			isa = PBXContainerItemProxy;
			containerPortal = C8F3180E2090556400734A22 /* Project object */;
			proxyType = 1;
			remoteGlobalIDString = C8F318152090556400734A22;
			remoteInfo = ConnyBuny;
		};
/* End PBXContainerItemProxy section */

/* Begin PBXFileReference section */
		C8F318162090556400734A22 /* ConnyBuny.app */ = {isa = PBXFileReference; explicitFileType = wrapper.application; includeInIndex = 0; path = ConnyBuny.app; sourceTree = BUILT_PRODUCTS_DIR; };
		C8F318192090556400734A22 /* AppDelegate.swift */ = {isa = PBXFileReference; lastKnownFileType = sourcecode.swift; path = AppDelegate.swift; sourceTree = "<group>"; };
		C8F3181B2090556400734A22 /* ViewController.swift */ = {isa = PBXFileReference; lastKnownFileType = sourcecode.swift; path = ViewController.swift; sourceTree = "<group>"; };
		C8F3181E2090556400734A22 /* Base */ = {isa = PBXFileReference; lastKnownFileType = file.storyboard; name = Base; path = Base.lproj/Main.storyboard; sourceTree = "<group>"; };
		C8F318202090556600734A22 /* Assets.xcassets */ = {isa = PBXFileReference; lastKnownFileType = folder.assetcatalog; path = Assets.xcassets; sourceTree = "<group>"; };
		C8F318232090556600734A22 /* Base */ = {isa = PBXFileReference; lastKnownFileType = file.storyboard; name = Base; path = Base.lproj/LaunchScreen.storyboard; sourceTree = "<group>"; };
		C8F318252090556600734A22 /* Info.plist */ = {isa = PBXFileReference; lastKnownFileType = text.plist.xml; path = Info.plist; sourceTree = "<group>"; };
		C8F3182A2090556600734A22 /* ConnyBunyTests.xctest */ = {isa = PBXFileReference; explicitFileType = wrapper.cfbundle; includeInIndex = 0; path = ConnyBunyTests.xctest; sourceTree = BUILT_PRODUCTS_DIR; };
		C8F3182E2090556600734A22 /* ConnyBunyTests.swift */ = {isa = PBXFileReference; lastKnownFileType = sourcecode.swift; path = ConnyBunyTests.swift; sourceTree = "<group>"; };
		C8F318302090556700734A22 /* Info.plist */ = {isa = PBXFileReference; lastKnownFileType = text.plist.xml; path = Info.plist; sourceTree = "<group>"; };
		C8F318352090556700734A22 /* ConnyBunyUITests.xctest */ = {isa = PBXFileReference; explicitFileType = wrapper.cfbundle; includeInIndex = 0; path = ConnyBunyUITests.xctest; sourceTree = BUILT_PRODUCTS_DIR; };
		C8F318392090556700734A22 /* ConnyBunyUITests.swift */ = {isa = PBXFileReference; lastKnownFileType = sourcecode.swift; path = ConnyBunyUITests.swift; sourceTree = "<group>"; };
		C8F3183B2090556700734A22 /* Info.plist */ = {isa = PBXFileReference; lastKnownFileType = text.plist.xml; path = Info.plist; sourceTree = "<group>"; };
/* End PBXFileReference section */

/* Begin PBXFrameworksBuildPhase section */
		C8F318132090556400734A22 /* Frameworks */ = {
			isa = PBXFrameworksBuildPhase;
			buildActionMask = 2147483647;
			files = (
			);
			runOnlyForDeploymentPostprocessing = 0;
		};
		C8F318272090556600734A22 /* Frameworks */ = {
			isa = PBXFrameworksBuildPhase;
			buildActionMask = 2147483647;
			files = (
			);
			runOnlyForDeploymentPostprocessing = 0;
		};
		C8F318322090556700734A22 /* Frameworks */ = {
			isa = PBXFrameworksBuildPhase;
			buildActionMask = 2147483647;
			files = (
			);
			runOnlyForDeploymentPostprocessing = 0;
		};
/* End PBXFrameworksBuildPhase section */

/* Begin PBXGroup section */
		C8F3180D2090556400734A22 = {
			isa = PBXGroup;
			children = (
				C8F318182090556400734A22 /* ConnyBuny */,
				C8F3182D2090556600734A22 /* ConnyBunyTests */,
				C8F318382090556700734A22 /* ConnyBunyUITests */,
				C8F318172090556400734A22 /* Products */,
			);
			sourceTree = "<group>";
		};
		C8F318172090556400734A22 /* Products */ = {
			isa = PBXGroup;
			children = (
				C8F318162090556400734A22 /* ConnyBuny.app */,
				C8F3182A2090556600734A22 /* ConnyBunyTests.xctest */,
				C8F318352090556700734A22 /* ConnyBunyUITests.xctest */,
			);
			name = Products;
			sourceTree = "<group>";
		};
		C8F318182090556400734A22 /* ConnyBuny */ = {
			isa = PBXGroup;
			children = (
				C8F318192090556400734A22 /* AppDelegate.swift */,
				C8F3181B2090556400734A22 /* ViewController.swift */,
				C8F3181D2090556400734A22 /* Main.storyboard */,
				C8F318202090556600734A22 /* Assets.xcassets */,
				C8F318222090556600734A22 /* LaunchScreen.storyboard */,
				C8F318252090556600734A22 /* Info.plist */,
			);
			path = ConnyBuny;
			sourceTree = "<group>";
		};
		C8F3182D2090556600734A22 /* ConnyBunyTests */ = {
			isa = PBXGroup;
			children = (
				C8F3182E2090556600734A22 /* ConnyBunyTests.swift */,
				C8F318302090556700734A22 /* Info.plist */,
			);
			path = ConnyBunyTests;
			sourceTree = "<group>";
		};
		C8F318382090556700734A22 /* ConnyBunyUITests */ = {
			isa = PBXGroup;
			children = (
				C8F318392090556700734A22 /* ConnyBunyUITests.swift */,
				C8F3183B2090556700734A22 /* Info.plist */,
			);
			path = ConnyBunyUITests;
			sourceTree = "<group>";
		};
/* End PBXGroup section */

/* Begin PBXNativeTarget section */
		C8F318152090556400734A22 /* ConnyBuny */ = {
			isa = PBXNativeTarget;
			buildConfigurationList = C8F3183E2090556700734A22 /* Build configuration list for PBXNativeTarget "ConnyBuny" */;
			buildPhases = (
				C8F318122090556400734A22 /* Sources */,
				C8F318132090556400734A22 /* Frameworks */,
				C8F318142090556400734A22 /* Resources */,
			);
			buildRules = (
			);
			dependencies = (
			);
			name = ConnyBuny;
			productName = ConnyBuny;
			productReference = C8F318162090556400734A22 /* ConnyBuny.app */;
			productType = "com.apple.product-type.application";
		};
		C8F318292090556600734A22 /* ConnyBunyTests */ = {
			isa = PBXNativeTarget;
			buildConfigurationList = C8F318412090556700734A22 /* Build configuration list for PBXNativeTarget "ConnyBunyTests" */;
			buildPhases = (
				C8F318262090556600734A22 /* Sources */,
				C8F318272090556600734A22 /* Frameworks */,
				C8F318282090556600734A22 /* Resources */,
			);
			buildRules = (
			);
			dependencies = (
				C8F3182C2090556600734A22 /* PBXTargetDependency */,
			);
			name = ConnyBunyTests;
			productName = ConnyBunyTests;
			productReference = C8F3182A2090556600734A22 /* ConnyBunyTests.xctest */;
			productType = "com.apple.product-type.bundle.unit-test";
		};
		C8F318342090556700734A22 /* ConnyBunyUITests */ = {
			isa = PBXNativeTarget;
			buildConfigurationList = C8F318442090556700734A22 /* Build configuration list for PBXNativeTarget "ConnyBunyUITests" */;
			buildPhases = (
				C8F318312090556700734A22 /* Sources */,
				C8F318322090556700734A22 /* Frameworks */,
				C8F318332090556700734A22 /* Resources */,
			);
			buildRules = (
			);
			dependencies = (
				C8F318372090556700734A22 /* PBXTargetDependency */,
			);
			name = ConnyBunyUITests;
			productName = ConnyBunyUITests;
			productReference = C8F318352090556700734A22 /* ConnyBunyUITests.xctest */;
			productType = "com.apple.product-type.bundle.ui-testing";
		};
/* End PBXNativeTarget section */

/* Begin PBXProject section */
		C8F3180E2090556400734A22 /* Project object */ = {
			isa = PBXProject;
			attributes = {
				LastSwiftUpdateCheck = 0930;
				LastUpgradeCheck = 0930;
				ORGANIZATIONNAME = danghanxin;
				TargetAttributes = {
					C8F318152090556400734A22 = {
						CreatedOnToolsVersion = 9.3;
					};
					C8F318292090556600734A22 = {
						CreatedOnToolsVersion = 9.3;
						TestTargetID = C8F318152090556400734A22;
					};
					C8F318342090556700734A22 = {
						CreatedOnToolsVersion = 9.3;
						TestTargetID = C8F318152090556400734A22;
					};
				};
			};
			buildConfigurationList = C8F318112090556400734A22 /* Build configuration list for PBXProject "ConnyBuny" */;
			compatibilityVersion = "Xcode 9.3";
			developmentRegion = en;
			hasScannedForEncodings = 0;
			knownRegions = (
				en,
				Base,
			);
			mainGroup = C8F3180D2090556400734A22;
			productRefGroup = C8F318172090556400734A22 /* Products */;
			projectDirPath = "";
			projectRoot = "";
			targets = (
				C8F318152090556400734A22 /* ConnyBuny */,
				C8F318292090556600734A22 /* ConnyBunyTests */,
				C8F318342090556700734A22 /* ConnyBunyUITests */,
			);
		};
/* End PBXProject section */

/* Begin PBXResourcesBuildPhase section */
		C8F318142090556400734A22 /* Resources */ = {
			isa = PBXResourcesBuildPhase;
			buildActionMask = 2147483647;
			files = (
				C8F318242090556600734A22 /* LaunchScreen.storyboard in Resources */,
				C8F318212090556600734A22 /* Assets.xcassets in Resources */,
				C8F3181F2090556400734A22 /* Main.storyboard in Resources */,
			);
			runOnlyForDeploymentPostprocessing = 0;
		};
		C8F318282090556600734A22 /* Resources */ = {
			isa = PBXResourcesBuildPhase;
			buildActionMask = 2147483647;
			files = (
			);
			runOnlyForDeploymentPostprocessing = 0;
		};
		C8F318332090556700734A22 /* Resources */ = {
			isa = PBXResourcesBuildPhase;
			buildActionMask = 2147483647;
			files = (
			);
			runOnlyForDeploymentPostprocessing = 0;
		};
/* End PBXResourcesBuildPhase section */

/* Begin PBXSourcesBuildPhase section */
		C8F318122090556400734A22 /* Sources */ = {
			isa = PBXSourcesBuildPhase;
			buildActionMask = 2147483647;
			files = (
				C8F3181C2090556400734A22 /* ViewController.swift in Sources */,
				C8F3181A2090556400734A22 /* AppDelegate.swift in Sources */,
			);
			runOnlyForDeploymentPostprocessing = 0;
		};
		C8F318262090556600734A22 /* Sources */ = {
			isa = PBXSourcesBuildPhase;
			buildActionMask = 2147483647;
			files = (
				C8F3182F2090556600734A22 /* ConnyBunyTests.swift in Sources */,
			);
			runOnlyForDeploymentPostprocessing = 0;
		};
		C8F318312090556700734A22 /* Sources */ = {
			isa = PBXSourcesBuildPhase;
			buildActionMask = 2147483647;
			files = (
				C8F3183A2090556700734A22 /* ConnyBunyUITests.swift in Sources */,
			);
			runOnlyForDeploymentPostprocessing = 0;
		};
/* End PBXSourcesBuildPhase section */

/* Begin PBXTargetDependency section */
		C8F3182C2090556600734A22 /* PBXTargetDependency */ = {
			isa = PBXTargetDependency;
			target = C8F318152090556400734A22 /* ConnyBuny */;
			targetProxy = C8F3182B2090556600734A22 /* PBXContainerItemProxy */;
		};
		C8F318372090556700734A22 /* PBXTargetDependency */ = {
			isa = PBXTargetDependency;
			target = C8F318152090556400734A22 /* ConnyBuny */;
			targetProxy = C8F318362090556700734A22 /* PBXContainerItemProxy */;
		};
/* End PBXTargetDependency section */

/* Begin PBXVariantGroup section */
		C8F3181D2090556400734A22 /* Main.storyboard */ = {
			isa = PBXVariantGroup;
			children = (
				C8F3181E2090556400734A22 /* Base */,
			);
			name = Main.storyboard;
			sourceTree = "<group>";
		};
		C8F318222090556600734A22 /* LaunchScreen.storyboard */ = {
			isa = PBXVariantGroup;
			children = (
				C8F318232090556600734A22 /* Base */,
			);
			name = LaunchScreen.storyboard;
			sourceTree = "<group>";
		};
/* End PBXVariantGroup section */

/* Begin XCBuildConfiguration section */
		C8F3183C2090556700734A22 /* Debug */ = {
			isa = XCBuildConfiguration;
			buildSettings = {
				ALWAYS_SEARCH_USER_PATHS = NO;
				CLANG_ANALYZER_NONNULL = YES;
				CLANG_ANALYZER_NUMBER_OBJECT_CONVERSION = YES_AGGRESSIVE;
				CLANG_CXX_LANGUAGE_STANDARD = "gnu++14";
				CLANG_CXX_LIBRARY = "libc++";
				CLANG_ENABLE_MODULES = YES;
				CLANG_ENABLE_OBJC_ARC = YES;
				CLANG_ENABLE_OBJC_WEAK = YES;
				CLANG_WARN_BLOCK_CAPTURE_AUTORELEASING = YES;
				CLANG_WARN_BOOL_CONVERSION = YES;
				CLANG_WARN_COMMA = YES;
				CLANG_WARN_CONSTANT_CONVERSION = YES;
				CLANG_WARN_DEPRECATED_OBJC_IMPLEMENTATIONS = YES;
				CLANG_WARN_DIRECT_OBJC_ISA_USAGE = YES_ERROR;
				CLANG_WARN_DOCUMENTATION_COMMENTS = YES;
				CLANG_WARN_EMPTY_BODY = YES;
				CLANG_WARN_ENUM_CONVERSION = YES;
				CLANG_WARN_INFINITE_RECURSION = YES;
				CLANG_WARN_INT_CONVERSION = YES;
				CLANG_WARN_NON_LITERAL_NULL_CONVERSION = YES;
				CLANG_WARN_OBJC_IMPLICIT_RETAIN_SELF = YES;
				CLANG_WARN_OBJC_LITERAL_CONVERSION = YES;
				CLANG_WARN_OBJC_ROOT_CLASS = YES_ERROR;
				CLANG_WARN_RANGE_LOOP_ANALYSIS = YES;
				CLANG_WARN_STRICT_PROTOTYPES = YES;
				CLANG_WARN_SUSPICIOUS_MOVE = YES;
				CLANG_WARN_UNGUARDED_AVAILABILITY = YES_AGGRESSIVE;
				CLANG_WARN_UNREACHABLE_CODE = YES;
				CLANG_WARN__DUPLICATE_METHOD_MATCH = YES;
				CODE_SIGN_IDENTITY = "iPhone Developer";
				COPY_PHASE_STRIP = NO;
				DEBUG_INFORMATION_FORMAT = dwarf;
				ENABLE_STRICT_OBJC_MSGSEND = YES;
				ENABLE_TESTABILITY = YES;
				GCC_C_LANGUAGE_STANDARD = gnu11;
				GCC_DYNAMIC_NO_PIC = NO;
				GCC_NO_COMMON_BLOCKS = YES;
				GCC_OPTIMIZATION_LEVEL = 0;
				GCC_PREPROCESSOR_DEFINITIONS = (
					"DEBUG=1",
					"$(inherited)",
				);
				GCC_WARN_64_TO_32_BIT_CONVERSION = YES;
				GCC_WARN_ABOUT_RETURN_TYPE = YES_ERROR;
				GCC_WARN_UNDECLARED_SELECTOR = YES;
				GCC_WARN_UNINITIALIZED_AUTOS = YES_AGGRESSIVE;
				GCC_WARN_UNUSED_FUNCTION = YES;
				GCC_WARN_UNUSED_VARIABLE = YES;
				IPHONEOS_DEPLOYMENT_TARGET = 11.3;
				MTL_ENABLE_DEBUG_INFO = YES;
				ONLY_ACTIVE_ARCH = YES;
				SDKROOT = iphoneos;
				SWIFT_ACTIVE_COMPILATION_CONDITIONS = DEBUG;
				SWIFT_OPTIMIZATION_LEVEL = "-Onone";
			};
			name = Debug;
		};
		C8F3183D2090556700734A22 /* Release */ = {
			isa = XCBuildConfiguration;
			buildSettings = {
				ALWAYS_SEARCH_USER_PATHS = NO;
				CLANG_ANALYZER_NONNULL = YES;
				CLANG_ANALYZER_NUMBER_OBJECT_CONVERSION = YES_AGGRESSIVE;
				CLANG_CXX_LANGUAGE_STANDARD = "gnu++14";
				CLANG_CXX_LIBRARY = "libc++";
				CLANG_ENABLE_MODULES = YES;
				CLANG_ENABLE_OBJC_ARC = YES;
				CLANG_ENABLE_OBJC_WEAK = YES;
				CLANG_WARN_BLOCK_CAPTURE_AUTORELEASING = YES;
				CLANG_WARN_BOOL_CONVERSION = YES;
				CLANG_WARN_COMMA = YES;
				CLANG_WARN_CONSTANT_CONVERSION = YES;
				CLANG_WARN_DEPRECATED_OBJC_IMPLEMENTATIONS = YES;
				CLANG_WARN_DIRECT_OBJC_ISA_USAGE = YES_ERROR;
				CLANG_WARN_DOCUMENTATION_COMMENTS = YES;
				CLANG_WARN_EMPTY_BODY = YES;
				CLANG_WARN_ENUM_CONVERSION = YES;
				CLANG_WARN_INFINITE_RECURSION = YES;
				CLANG_WARN_INT_CONVERSION = YES;
				CLANG_WARN_NON_LITERAL_NULL_CONVERSION = YES;
				CLANG_WARN_OBJC_IMPLICIT_RETAIN_SELF = YES;
				CLANG_WARN_OBJC_LITERAL_CONVERSION = YES;
				CLANG_WARN_OBJC_ROOT_CLASS = YES_ERROR;
				CLANG_WARN_RANGE_LOOP_ANALYSIS = YES;
				CLANG_WARN_STRICT_PROTOTYPES = YES;
				CLANG_WARN_SUSPICIOUS_MOVE = YES;
				CLANG_WARN_UNGUARDED_AVAILABILITY = YES_AGGRESSIVE;
				CLANG_WARN_UNREACHABLE_CODE = YES;
				CLANG_WARN__DUPLICATE_METHOD_MATCH = YES;
				CODE_SIGN_IDENTITY = "iPhone Developer";
				COPY_PHASE_STRIP = NO;
				DEBUG_INFORMATION_FORMAT = "dwarf-with-dsym";
				ENABLE_NS_ASSERTIONS = NO;
				ENABLE_STRICT_OBJC_MSGSEND = YES;
				GCC_C_LANGUAGE_STANDARD = gnu11;
				GCC_NO_COMMON_BLOCKS = YES;
				GCC_WARN_64_TO_32_BIT_CONVERSION = YES;
				GCC_WARN_ABOUT_RETURN_TYPE = YES_ERROR;
				GCC_WARN_UNDECLARED_SELECTOR = YES;
				GCC_WARN_UNINITIALIZED_AUTOS = YES_AGGRESSIVE;
				GCC_WARN_UNUSED_FUNCTION = YES;
				GCC_WARN_UNUSED_VARIABLE = YES;
				IPHONEOS_DEPLOYMENT_TARGET = 11.3;
				MTL_ENABLE_DEBUG_INFO = NO;
				SDKROOT = iphoneos;
				SWIFT_COMPILATION_MODE = wholemodule;
				SWIFT_OPTIMIZATION_LEVEL = "-O";
				VALIDATE_PRODUCT = YES;
			};
			name = Release;
		};
		C8F3183F2090556700734A22 /* Debug */ = {
			isa = XCBuildConfiguration;
			buildSettings = {
				ASSETCATALOG_COMPILER_APPICON_NAME = AppIcon;
				CODE_SIGN_STYLE = Automatic;
				INFOPLIST_FILE = ConnyBuny/Info.plist;
				LD_RUNPATH_SEARCH_PATHS = (
					"$(inherited)",
					"@executable_path/Frameworks",
				);
				PRODUCT_BUNDLE_IDENTIFIER = danghanxin.ConnyBuny;
				PRODUCT_NAME = "$(TARGET_NAME)";
				SWIFT_VERSION = 4.0;
				TARGETED_DEVICE_FAMILY = "1,2";
			};
			name = Debug;
		};
		C8F318402090556700734A22 /* Release */ = {
			isa = XCBuildConfiguration;
			buildSettings = {
				ASSETCATALOG_COMPILER_APPICON_NAME = AppIcon;
				CODE_SIGN_STYLE = Automatic;
				INFOPLIST_FILE = ConnyBuny/Info.plist;
				LD_RUNPATH_SEARCH_PATHS = (
					"$(inherited)",
					"@executable_path/Frameworks",
				);
				PRODUCT_BUNDLE_IDENTIFIER = danghanxin.ConnyBuny;
				PRODUCT_NAME = "$(TARGET_NAME)";
				SWIFT_VERSION = 4.0;
				TARGETED_DEVICE_FAMILY = "1,2";
			};
			name = Release;
		};
		C8F318422090556700734A22 /* Debug */ = {
			isa = XCBuildConfiguration;
			buildSettings = {
				ALWAYS_EMBED_SWIFT_STANDARD_LIBRARIES = YES;
				BUNDLE_LOADER = "$(TEST_HOST)";
				CODE_SIGN_STYLE = Automatic;
				INFOPLIST_FILE = ConnyBunyTests/Info.plist;
				LD_RUNPATH_SEARCH_PATHS = (
					"$(inherited)",
					"@executable_path/Frameworks",
					"@loader_path/Frameworks",
				);
				PRODUCT_BUNDLE_IDENTIFIER = danghanxin.ConnyBunyTests;
				PRODUCT_NAME = "$(TARGET_NAME)";
				SWIFT_VERSION = 4.0;
				TARGETED_DEVICE_FAMILY = "1,2";
				TEST_HOST = "$(BUILT_PRODUCTS_DIR)/ConnyBuny.app/ConnyBuny";
			};
			name = Debug;
		};
		C8F318432090556700734A22 /* Release */ = {
			isa = XCBuildConfiguration;
			buildSettings = {
				ALWAYS_EMBED_SWIFT_STANDARD_LIBRARIES = YES;
				BUNDLE_LOADER = "$(TEST_HOST)";
				CODE_SIGN_STYLE = Automatic;
				INFOPLIST_FILE = ConnyBunyTests/Info.plist;
				LD_RUNPATH_SEARCH_PATHS = (
					"$(inherited)",
					"@executable_path/Frameworks",
					"@loader_path/Frameworks",
				);
				PRODUCT_BUNDLE_IDENTIFIER = danghanxin.ConnyBunyTests;
				PRODUCT_NAME = "$(TARGET_NAME)";
				SWIFT_VERSION = 4.0;
				TARGETED_DEVICE_FAMILY = "1,2";
				TEST_HOST = "$(BUILT_PRODUCTS_DIR)/ConnyBuny.app/ConnyBuny";
			};
			name = Release;
		};
		C8F318452090556700734A22 /* Debug */ = {
			isa = XCBuildConfiguration;
			buildSettings = {
				ALWAYS_EMBED_SWIFT_STANDARD_LIBRARIES = YES;
				CODE_SIGN_STYLE = Automatic;
				INFOPLIST_FILE = ConnyBunyUITests/Info.plist;
				LD_RUNPATH_SEARCH_PATHS = (
					"$(inherited)",
					"@executable_path/Frameworks",
					"@loader_path/Frameworks",
				);
				PRODUCT_BUNDLE_IDENTIFIER = danghanxin.ConnyBunyUITests;
				PRODUCT_NAME = "$(TARGET_NAME)";
				SWIFT_VERSION = 4.0;
				TARGETED_DEVICE_FAMILY = "1,2";
				TEST_TARGET_NAME = ConnyBuny;
			};
			name = Debug;
		};
		C8F318462090556700734A22 /* Release */ = {
			isa = XCBuildConfiguration;
			buildSettings = {
				ALWAYS_EMBED_SWIFT_STANDARD_LIBRARIES = YES;
				CODE_SIGN_STYLE = Automatic;
				INFOPLIST_FILE = ConnyBunyUITests/Info.plist;
				LD_RUNPATH_SEARCH_PATHS = (
					"$(inherited)",
					"@executable_path/Frameworks",
					"@loader_path/Frameworks",
				);
				PRODUCT_BUNDLE_IDENTIFIER = danghanxin.ConnyBunyUITests;
				PRODUCT_NAME = "$(TARGET_NAME)";
				SWIFT_VERSION = 4.0;
				TARGETED_DEVICE_FAMILY = "1,2";
				TEST_TARGET_NAME = ConnyBuny;
			};
			name = Release;
		};
/* End XCBuildConfiguration section */

/* Begin XCConfigurationList section */
		C8F318112090556400734A22 /* Build configuration list for PBXProject "ConnyBuny" */ = {
			isa = XCConfigurationList;
			buildConfigurations = (
				C8F3183C2090556700734A22 /* Debug */,
				C8F3183D2090556700734A22 /* Release */,
			);
			defaultConfigurationIsVisible = 0;
			defaultConfigurationName = Release;
		};
		C8F3183E2090556700734A22 /* Build configuration list for PBXNativeTarget "ConnyBuny" */ = {
			isa = XCConfigurationList;
			buildConfigurations = (
				C8F3183F2090556700734A22 /* Debug */,
				C8F318402090556700734A22 /* Release */,
			);
			defaultConfigurationIsVisible = 0;
			defaultConfigurationName = Release;
		};
		C8F318412090556700734A22 /* Build configuration list for PBXNativeTarget "ConnyBunyTests" */ = {
			isa = XCConfigurationList;
			buildConfigurations = (
				C8F318422090556700734A22 /* Debug */,
				C8F318432090556700734A22 /* Release */,
			);
			defaultConfigurationIsVisible = 0;
			defaultConfigurationName = Release;
		};
		C8F318442090556700734A22 /* Build configuration list for PBXNativeTarget "ConnyBunyUITests" */ = {
			isa = XCConfigurationList;
			buildConfigurations = (
				C8F318452090556700734A22 /* Debug */,
				C8F318462090556700734A22 /* Release */,
			);
			defaultConfigurationIsVisible = 0;
			defaultConfigurationName = Release;
		};
/* End XCConfigurationList section */
	};
	rootObject = C8F3180E2090556400734A22 /* Project object */;
}
